
Microsoft Visual Studio Solution File, Format Version 12.00
# Visual Studio Version 17
VisualStudioVersion = 17.14.36623.8 d17.14
MinimumVisualStudioVersion = 10.0.40219.1
Project("{888888A0-9F3D-457C-B088-3A5042F75D52}") = "PyDWH", "PyDWH.pyproj", "{92A0A3C8-44E8-4439-BE1A-7BA55A6B533E}"
EndProject
Global
	GlobalSection(SolutionConfigurationPlatforms) = preSolution
		Debug|Any CPU = Debug|Any CPU
		Release|Any CPU = Release|Any CPU
	EndGlobalSection
	GlobalSection(ProjectConfigurationPlatforms) = postSolution
		{92A0A3C8-44E8-4439-BE1A-7BA55A6B533E}.Debug|Any CPU.ActiveCfg = Debug|Any CPU
		{92A0A3C8-44E8-4439-BE1A-7BA55A6B533E}.Release|Any CPU.ActiveCfg = Release|Any CPU
	EndGlobalSection
	GlobalSection(SolutionProperties) = preSolution
		HideSolutionNode = FALSE
	EndGlobalSection
	GlobalSection(ExtensibilityGlobals) = postSolution
		SolutionGuid = {7272B61A-BA4A-4A16-87AD-9346A044F2ED}
	EndGlobalSection
EndGlobal
